
Microsoft Visual Studio Solution File, Format Version 12.00
# Visual Studio Version 16
VisualStudioVersion = 16.0.30503.244
MinimumVisualStudioVersion = 10.0.40219.1
Project("{FAE04EC0-301F-11D3-BF4B-00C04F79EFBC}") = "Case2", "Case2\Case2.csproj", "{F76DBB54-6B4A-4EAF-B7A0-0990EF0A260D}"
EndProject
Global
	GlobalSection(SolutionConfigurationPlatforms) = preSolution
		Debug|Any CPU = Debug|Any CPU
		Release|Any CPU = Release|Any CPU
	EndGlobalSection
	GlobalSection(ProjectConfigurationPlatforms) = postSolution
		{F76DBB54-6B4A-4EAF-B7A0-0990EF0A260D}.Debug|Any CPU.ActiveCfg = Debug|Any CPU
		{F76DBB54-6B4A-4EAF-B7A0-0990EF0A260D}.Debug|Any CPU.Build.0 = Debug|Any CPU
		{F76DBB54-6B4A-4EAF-B7A0-0990EF0A260D}.Release|Any CPU.ActiveCfg = Release|Any CPU
		{F76DBB54-6B4A-4EAF-B7A0-0990EF0A260D}.Release|Any CPU.Build.0 = Release|Any CPU
	EndGlobalSection
	GlobalSection(SolutionProperties) = preSolution
		HideSolutionNode = FALSE
	EndGlobalSection
	GlobalSection(ExtensibilityGlobals) = postSolution
		SolutionGuid = {06595258-5332-4BA1-9B44-5A113E467271}
	EndGlobalSection
EndGlobal
